// !$*UTF8*$!
{
	archiveVersion = 1;
	classes = {
	};
	objectVersion = 56;
	objects = {

/* Begin PBXBuildFile section */
		AB10CFC429E95C21004F810C /* AppDelegate.swift in Sources */ = {isa = PBXBuildFile; fileRef = AB10CFC329E95C21004F810C /* AppDelegate.swift */; };
		AB10CFC629E95C21004F810C /* SceneDelegate.swift in Sources */ = {isa = PBXBuildFile; fileRef = AB10CFC529E95C21004F810C /* SceneDelegate.swift */; };
		AB10CFCD29E95C22004F810C /* Assets.xcassets in Resources */ = {isa = PBXBuildFile; fileRef = AB10CFCC29E95C22004F810C /* Assets.xcassets */; };
		AB10CFD029E95C22004F810C /* LaunchScreen.storyboard in Resources */ = {isa = PBXBuildFile; fileRef = AB10CFCE29E95C22004F810C /* LaunchScreen.storyboard */; };
		AB10CFDE29E97BFD004F810C /* MainRouter.swift in Sources */ = {isa = PBXBuildFile; fileRef = AB10CFDC29E97BFD004F810C /* MainRouter.swift */; };
		AB10CFDF29E97BFD004F810C /* RouterProtocol.swift in Sources */ = {isa = PBXBuildFile; fileRef = AB10CFDD29E97BFD004F810C /* RouterProtocol.swift */; };
		AB10CFE329E97C0A004F810C /* ModuleBuilderProtocol.swift in Sources */ = {isa = PBXBuildFile; fileRef = AB10CFE129E97C0A004F810C /* ModuleBuilderProtocol.swift */; };
		AB10CFE429E97C0A004F810C /* ModuleBuilder.swift in Sources */ = {isa = PBXBuildFile; fileRef = AB10CFE229E97C0A004F810C /* ModuleBuilder.swift */; };
		AB10CFEB29E97C14004F810C /* EndpointProtocol.swift in Sources */ = {isa = PBXBuildFile; fileRef = AB10CFE729E97C14004F810C /* EndpointProtocol.swift */; };
		AB10CFEC29E97C14004F810C /* NetworkManager.swift in Sources */ = {isa = PBXBuildFile; fileRef = AB10CFE829E97C14004F810C /* NetworkManager.swift */; };
		AB10CFED29E97C14004F810C /* NetworkEngine.swift in Sources */ = {isa = PBXBuildFile; fileRef = AB10CFE929E97C14004F810C /* NetworkEngine.swift */; };
		AB10CFF929E97C20004F810C /* BookPresenter.swift in Sources */ = {isa = PBXBuildFile; fileRef = AB10CFF029E97C20004F810C /* BookPresenter.swift */; };
		AB10CFFA29E97C20004F810C /* BookProtocols.swift in Sources */ = {isa = PBXBuildFile; fileRef = AB10CFF229E97C20004F810C /* BookProtocols.swift */; };
		AB10CFFB29E97C20004F810C /* BookCustomTableViewCell.swift in Sources */ = {isa = PBXBuildFile; fileRef = AB10CFF429E97C20004F810C /* BookCustomTableViewCell.swift */; };
		AB10CFFC29E97C20004F810C /* BookModel.swift in Sources */ = {isa = PBXBuildFile; fileRef = AB10CFF629E97C20004F810C /* BookModel.swift */; };
		AB10CFFD29E97C20004F810C /* BookViewController.swift in Sources */ = {isa = PBXBuildFile; fileRef = AB10CFF829E97C20004F810C /* BookViewController.swift */; };
		AB10D00529E97C26004F810C /* DescribePresenter.swift in Sources */ = {isa = PBXBuildFile; fileRef = AB10D00029E97C26004F810C /* DescribePresenter.swift */; };
		AB10D00629E97C26004F810C /* DescribeProtocol.swift in Sources */ = {isa = PBXBuildFile; fileRef = AB10D00229E97C26004F810C /* DescribeProtocol.swift */; };
		AB10D00729E97C26004F810C /* DescribeViewController.swift in Sources */ = {isa = PBXBuildFile; fileRef = AB10D00429E97C26004F810C /* DescribeViewController.swift */; };
		AB10D00A29E97CB3004F810C /* SnapKit in Frameworks */ = {isa = PBXBuildFile; productRef = AB10D00929E97CB3004F810C /* SnapKit */; };
		AB10D01629E98EB3004F810C /* UIImageView+Extension.swift in Sources */ = {isa = PBXBuildFile; fileRef = AB10D01529E98EB3004F810C /* UIImageView+Extension.swift */; };
		AB10D01829E98FA5004F810C /* BookEndpoint.swift in Sources */ = {isa = PBXBuildFile; fileRef = AB10D01729E98FA5004F810C /* BookEndpoint.swift */; };
/* End PBXBuildFile section */

/* Begin PBXFileReference section */
		AB10CFC029E95C21004F810C /* BookApp.app */ = {isa = PBXFileReference; explicitFileType = wrapper.application; includeInIndex = 0; path = BookApp.app; sourceTree = BUILT_PRODUCTS_DIR; };
		AB10CFC329E95C21004F810C /* AppDelegate.swift */ = {isa = PBXFileReference; lastKnownFileType = sourcecode.swift; path = AppDelegate.swift; sourceTree = "<group>"; };
		AB10CFC529E95C21004F810C /* SceneDelegate.swift */ = {isa = PBXFileReference; lastKnownFileType = sourcecode.swift; path = SceneDelegate.swift; sourceTree = "<group>"; };
		AB10CFCC29E95C22004F810C /* Assets.xcassets */ = {isa = PBXFileReference; lastKnownFileType = folder.assetcatalog; path = Assets.xcassets; sourceTree = "<group>"; };
		AB10CFCF29E95C22004F810C /* Base */ = {isa = PBXFileReference; lastKnownFileType = file.storyboard; name = Base; path = Base.lproj/LaunchScreen.storyboard; sourceTree = "<group>"; };
		AB10CFD129E95C22004F810C /* Info.plist */ = {isa = PBXFileReference; lastKnownFileType = text.plist.xml; path = Info.plist; sourceTree = "<group>"; };
		AB10CFDC29E97BFD004F810C /* MainRouter.swift */ = {isa = PBXFileReference; fileEncoding = 4; lastKnownFileType = sourcecode.swift; path = MainRouter.swift; sourceTree = "<group>"; };
		AB10CFDD29E97BFD004F810C /* RouterProtocol.swift */ = {isa = PBXFileReference; fileEncoding = 4; lastKnownFileType = sourcecode.swift; path = RouterProtocol.swift; sourceTree = "<group>"; };
		AB10CFE129E97C0A004F810C /* ModuleBuilderProtocol.swift */ = {isa = PBXFileReference; fileEncoding = 4; lastKnownFileType = sourcecode.swift; path = ModuleBuilderProtocol.swift; sourceTree = "<group>"; };
		AB10CFE229E97C0A004F810C /* ModuleBuilder.swift */ = {isa = PBXFileReference; fileEncoding = 4; lastKnownFileType = sourcecode.swift; path = ModuleBuilder.swift; sourceTree = "<group>"; };
		AB10CFE729E97C14004F810C /* EndpointProtocol.swift */ = {isa = PBXFileReference; fileEncoding = 4; lastKnownFileType = sourcecode.swift; path = EndpointProtocol.swift; sourceTree = "<group>"; };
		AB10CFE829E97C14004F810C /* NetworkManager.swift */ = {isa = PBXFileReference; fileEncoding = 4; lastKnownFileType = sourcecode.swift; path = NetworkManager.swift; sourceTree = "<group>"; };
		AB10CFE929E97C14004F810C /* NetworkEngine.swift */ = {isa = PBXFileReference; fileEncoding = 4; lastKnownFileType = sourcecode.swift; path = NetworkEngine.swift; sourceTree = "<group>"; };
		AB10CFF029E97C20004F810C /* BookPresenter.swift */ = {isa = PBXFileReference; fileEncoding = 4; lastKnownFileType = sourcecode.swift; path = BookPresenter.swift; sourceTree = "<group>"; };
		AB10CFF229E97C20004F810C /* BookProtocols.swift */ = {isa = PBXFileReference; fileEncoding = 4; lastKnownFileType = sourcecode.swift; path = BookProtocols.swift; sourceTree = "<group>"; };
		AB10CFF429E97C20004F810C /* BookCustomTableViewCell.swift */ = {isa = PBXFileReference; fileEncoding = 4; lastKnownFileType = sourcecode.swift; path = BookCustomTableViewCell.swift; sourceTree = "<group>"; };
		AB10CFF629E97C20004F810C /* BookModel.swift */ = {isa = PBXFileReference; fileEncoding = 4; lastKnownFileType = sourcecode.swift; path = BookModel.swift; sourceTree = "<group>"; };
		AB10CFF829E97C20004F810C /* BookViewController.swift */ = {isa = PBXFileReference; fileEncoding = 4; lastKnownFileType = sourcecode.swift; path = BookViewController.swift; sourceTree = "<group>"; };
		AB10D00029E97C26004F810C /* DescribePresenter.swift */ = {isa = PBXFileReference; fileEncoding = 4; lastKnownFileType = sourcecode.swift; path = DescribePresenter.swift; sourceTree = "<group>"; };
		AB10D00229E97C26004F810C /* DescribeProtocol.swift */ = {isa = PBXFileReference; fileEncoding = 4; lastKnownFileType = sourcecode.swift; path = DescribeProtocol.swift; sourceTree = "<group>"; };
		AB10D00429E97C26004F810C /* DescribeViewController.swift */ = {isa = PBXFileReference; fileEncoding = 4; lastKnownFileType = sourcecode.swift; path = DescribeViewController.swift; sourceTree = "<group>"; };
		AB10D01529E98EB3004F810C /* UIImageView+Extension.swift */ = {isa = PBXFileReference; fileEncoding = 4; lastKnownFileType = sourcecode.swift; path = "UIImageView+Extension.swift"; sourceTree = "<group>"; };
		AB10D01729E98FA5004F810C /* BookEndpoint.swift */ = {isa = PBXFileReference; lastKnownFileType = sourcecode.swift; path = BookEndpoint.swift; sourceTree = "<group>"; };
/* End PBXFileReference section */

/* Begin PBXFrameworksBuildPhase section */
		AB10CFBD29E95C21004F810C /* Frameworks */ = {
			isa = PBXFrameworksBuildPhase;
			buildActionMask = 2147483647;
			files = (
				AB10D00A29E97CB3004F810C /* SnapKit in Frameworks */,
			);
			runOnlyForDeploymentPostprocessing = 0;
		};
/* End PBXFrameworksBuildPhase section */

/* Begin PBXGroup section */
		AB10CFB729E95C21004F810C = {
			isa = PBXGroup;
			children = (
				AB10CFC229E95C21004F810C /* BookApp */,
				AB10CFC129E95C21004F810C /* Products */,
			);
			sourceTree = "<group>";
		};
		AB10CFC129E95C21004F810C /* Products */ = {
			isa = PBXGroup;
			children = (
				AB10CFC029E95C21004F810C /* BookApp.app */,
			);
			name = Products;
			sourceTree = "<group>";
		};
		AB10CFC229E95C21004F810C /* BookApp */ = {
			isa = PBXGroup;
			children = (
				AB10CFD729E97BA5004F810C /* Delegate */,
				AB10CFDB29E97BFD004F810C /* Router */,
				AB10CFE029E97C0A004F810C /* ModuleBuilder */,
				AB10CFE529E97C14004F810C /* NetworkLayer */,
				AB10CFEE29E97C20004F810C /* BooksModule */,
				AB10CFFE29E97C26004F810C /* DescribeModule */,
				AB10CFD829E97BCA004F810C /* SupportsFile */,
			);
			path = BookApp;
			sourceTree = "<group>";
		};
		AB10CFD729E97BA5004F810C /* Delegate */ = {
			isa = PBXGroup;
			children = (
				AB10CFC329E95C21004F810C /* AppDelegate.swift */,
				AB10CFC529E95C21004F810C /* SceneDelegate.swift */,
			);
			path = Delegate;
			sourceTree = "<group>";
		};
		AB10CFD829E97BCA004F810C /* SupportsFile */ = {
			isa = PBXGroup;
			children = (
				AB10D01529E98EB3004F810C /* UIImageView+Extension.swift */,
				AB10CFCC29E95C22004F810C /* Assets.xcassets */,
				AB10CFCE29E95C22004F810C /* LaunchScreen.storyboard */,
				AB10CFD129E95C22004F810C /* Info.plist */,
			);
			name = SupportsFile;
			sourceTree = "<group>";
		};
		AB10CFDB29E97BFD004F810C /* Router */ = {
			isa = PBXGroup;
			children = (
				AB10CFDC29E97BFD004F810C /* MainRouter.swift */,
				AB10CFDD29E97BFD004F810C /* RouterProtocol.swift */,
			);
			path = Router;
			sourceTree = "<group>";
		};
		AB10CFE029E97C0A004F810C /* ModuleBuilder */ = {
			isa = PBXGroup;
			children = (
				AB10CFE129E97C0A004F810C /* ModuleBuilderProtocol.swift */,
				AB10CFE229E97C0A004F810C /* ModuleBuilder.swift */,
			);
			path = ModuleBuilder;
			sourceTree = "<group>";
		};
		AB10CFE529E97C14004F810C /* NetworkLayer */ = {
			isa = PBXGroup;
			children = (
				AB10CFE729E97C14004F810C /* EndpointProtocol.swift */,
				AB10D01729E98FA5004F810C /* BookEndpoint.swift */,
				AB10CFE829E97C14004F810C /* NetworkManager.swift */,
				AB10CFE929E97C14004F810C /* NetworkEngine.swift */,
			);
			path = NetworkLayer;
			sourceTree = "<group>";
		};
		AB10CFEE29E97C20004F810C /* BooksModule */ = {
			isa = PBXGroup;
			children = (
				AB10CFF529E97C20004F810C /* Model */,
				AB10CFF729E97C20004F810C /* View */,
				AB10CFEF29E97C20004F810C /* Presenter */,
				AB10CFF129E97C20004F810C /* Protocol */,
				AB10CFF329E97C20004F810C /* CryptoCustomCell */,
			);
			path = BooksModule;
			sourceTree = "<group>";
		};
		AB10CFEF29E97C20004F810C /* Presenter */ = {
			isa = PBXGroup;
			children = (
				AB10CFF029E97C20004F810C /* BookPresenter.swift */,
			);
			path = Presenter;
			sourceTree = "<group>";
		};
		AB10CFF129E97C20004F810C /* Protocol */ = {
			isa = PBXGroup;
			children = (
				AB10CFF229E97C20004F810C /* BookProtocols.swift */,
			);
			path = Protocol;
			sourceTree = "<group>";
		};
		AB10CFF329E97C20004F810C /* CryptoCustomCell */ = {
			isa = PBXGroup;
			children = (
				AB10CFF429E97C20004F810C /* BookCustomTableViewCell.swift */,
			);
			path = CryptoCustomCell;
			sourceTree = "<group>";
		};
		AB10CFF529E97C20004F810C /* Model */ = {
			isa = PBXGroup;
			children = (
				AB10CFF629E97C20004F810C /* BookModel.swift */,
			);
			path = Model;
			sourceTree = "<group>";
		};
		AB10CFF729E97C20004F810C /* View */ = {
			isa = PBXGroup;
			children = (
				AB10CFF829E97C20004F810C /* BookViewController.swift */,
			);
			path = View;
			sourceTree = "<group>";
		};
		AB10CFFE29E97C26004F810C /* DescribeModule */ = {
			isa = PBXGroup;
			children = (
				AB10CFFF29E97C26004F810C /* Presenter */,
				AB10D00129E97C26004F810C /* Protocol */,
				AB10D00329E97C26004F810C /* View */,
			);
			path = DescribeModule;
			sourceTree = "<group>";
		};
		AB10CFFF29E97C26004F810C /* Presenter */ = {
			isa = PBXGroup;
			children = (
				AB10D00029E97C26004F810C /* DescribePresenter.swift */,
			);
			path = Presenter;
			sourceTree = "<group>";
		};
		AB10D00129E97C26004F810C /* Protocol */ = {
			isa = PBXGroup;
			children = (
				AB10D00229E97C26004F810C /* DescribeProtocol.swift */,
			);
			path = Protocol;
			sourceTree = "<group>";
		};
		AB10D00329E97C26004F810C /* View */ = {
			isa = PBXGroup;
			children = (
				AB10D00429E97C26004F810C /* DescribeViewController.swift */,
			);
			path = View;
			sourceTree = "<group>";
		};
/* End PBXGroup section */

/* Begin PBXNativeTarget section */
		AB10CFBF29E95C21004F810C /* BookApp */ = {
			isa = PBXNativeTarget;
			buildConfigurationList = AB10CFD429E95C22004F810C /* Build configuration list for PBXNativeTarget "BookApp" */;
			buildPhases = (
				AB10CFBC29E95C21004F810C /* Sources */,
				AB10CFBD29E95C21004F810C /* Frameworks */,
				AB10CFBE29E95C21004F810C /* Resources */,
			);
			buildRules = (
			);
			dependencies = (
			);
			name = BookApp;
			packageProductDependencies = (
				AB10D00929E97CB3004F810C /* SnapKit */,
			);
			productName = BookApp;
			productReference = AB10CFC029E95C21004F810C /* BookApp.app */;
			productType = "com.apple.product-type.application";
		};
/* End PBXNativeTarget section */

/* Begin PBXProject section */
		AB10CFB829E95C21004F810C /* Project object */ = {
			isa = PBXProject;
			attributes = {
				BuildIndependentTargetsInParallel = 1;
				LastSwiftUpdateCheck = 1420;
				LastUpgradeCheck = 1420;
				TargetAttributes = {
					AB10CFBF29E95C21004F810C = {
						CreatedOnToolsVersion = 14.2;
					};
				};
			};
			buildConfigurationList = AB10CFBB29E95C21004F810C /* Build configuration list for PBXProject "BookApp" */;
			compatibilityVersion = "Xcode 14.0";
			developmentRegion = en;
			hasScannedForEncodings = 0;
			knownRegions = (
				en,
				Base,
			);
			mainGroup = AB10CFB729E95C21004F810C;
			packageReferences = (
				AB10D00829E97CB3004F810C /* XCRemoteSwiftPackageReference "SnapKit" */,
			);
			productRefGroup = AB10CFC129E95C21004F810C /* Products */;
			projectDirPath = "";
			projectRoot = "";
			targets = (
				AB10CFBF29E95C21004F810C /* BookApp */,
			);
		};
/* End PBXProject section */

/* Begin PBXResourcesBuildPhase section */
		AB10CFBE29E95C21004F810C /* Resources */ = {
			isa = PBXResourcesBuildPhase;
			buildActionMask = 2147483647;
			files = (
				AB10CFD029E95C22004F810C /* LaunchScreen.storyboard in Resources */,
				AB10CFCD29E95C22004F810C /* Assets.xcassets in Resources */,
			);
			runOnlyForDeploymentPostprocessing = 0;
		};
/* End PBXResourcesBuildPhase section */

/* Begin PBXSourcesBuildPhase section */
		AB10CFBC29E95C21004F810C /* Sources */ = {
			isa = PBXSourcesBuildPhase;
			buildActionMask = 2147483647;
			files = (
				AB10CFE329E97C0A004F810C /* ModuleBuilderProtocol.swift in Sources */,
				AB10CFED29E97C14004F810C /* NetworkEngine.swift in Sources */,
				AB10D01629E98EB3004F810C /* UIImageView+Extension.swift in Sources */,
				AB10CFEB29E97C14004F810C /* EndpointProtocol.swift in Sources */,
				AB10CFFA29E97C20004F810C /* BookProtocols.swift in Sources */,
				AB10D00529E97C26004F810C /* DescribePresenter.swift in Sources */,
				AB10CFDF29E97BFD004F810C /* RouterProtocol.swift in Sources */,
				AB10CFEC29E97C14004F810C /* NetworkManager.swift in Sources */,
				AB10CFF929E97C20004F810C /* BookPresenter.swift in Sources */,
				AB10CFFD29E97C20004F810C /* BookViewController.swift in Sources */,
				AB10CFDE29E97BFD004F810C /* MainRouter.swift in Sources */,
				AB10D00729E97C26004F810C /* DescribeViewController.swift in Sources */,
				AB10D00629E97C26004F810C /* DescribeProtocol.swift in Sources */,
				AB10CFE429E97C0A004F810C /* ModuleBuilder.swift in Sources */,
				AB10CFFB29E97C20004F810C /* BookCustomTableViewCell.swift in Sources */,
				AB10CFC429E95C21004F810C /* AppDelegate.swift in Sources */,
				AB10CFFC29E97C20004F810C /* BookModel.swift in Sources */,
				AB10D01829E98FA5004F810C /* BookEndpoint.swift in Sources */,
				AB10CFC629E95C21004F810C /* SceneDelegate.swift in Sources */,
			);
			runOnlyForDeploymentPostprocessing = 0;
		};
/* End PBXSourcesBuildPhase section */

/* Begin PBXVariantGroup section */
		AB10CFCE29E95C22004F810C /* LaunchScreen.storyboard */ = {
			isa = PBXVariantGroup;
			children = (
				AB10CFCF29E95C22004F810C /* Base */,
			);
			name = LaunchScreen.storyboard;
			sourceTree = "<group>";
		};
/* End PBXVariantGroup section */

/* Begin XCBuildConfiguration section */
		AB10CFD229E95C22004F810C /* Debug */ = {
			isa = XCBuildConfiguration;
			buildSettings = {
				ALWAYS_SEARCH_USER_PATHS = NO;
				CLANG_ANALYZER_NONNULL = YES;
				CLANG_ANALYZER_NUMBER_OBJECT_CONVERSION = YES_AGGRESSIVE;
				CLANG_CXX_LANGUAGE_STANDARD = "gnu++20";
				CLANG_ENABLE_MODULES = YES;
				CLANG_ENABLE_OBJC_ARC = YES;
				CLANG_ENABLE_OBJC_WEAK = YES;
				CLANG_WARN_BLOCK_CAPTURE_AUTORELEASING = YES;
				CLANG_WARN_BOOL_CONVERSION = YES;
				CLANG_WARN_COMMA = YES;
				CLANG_WARN_CONSTANT_CONVERSION = YES;
				CLANG_WARN_DEPRECATED_OBJC_IMPLEMENTATIONS = YES;
				CLANG_WARN_DIRECT_OBJC_ISA_USAGE = YES_ERROR;
				CLANG_WARN_DOCUMENTATION_COMMENTS = YES;
				CLANG_WARN_EMPTY_BODY = YES;
				CLANG_WARN_ENUM_CONVERSION = YES;
				CLANG_WARN_INFINITE_RECURSION = YES;
				CLANG_WARN_INT_CONVERSION = YES;
				CLANG_WARN_NON_LITERAL_NULL_CONVERSION = YES;
				CLANG_WARN_OBJC_IMPLICIT_RETAIN_SELF = YES;
				CLANG_WARN_OBJC_LITERAL_CONVERSION = YES;
				CLANG_WARN_OBJC_ROOT_CLASS = YES_ERROR;
				CLANG_WARN_QUOTED_INCLUDE_IN_FRAMEWORK_HEADER = YES;
				CLANG_WARN_RANGE_LOOP_ANALYSIS = YES;
				CLANG_WARN_STRICT_PROTOTYPES = YES;
				CLANG_WARN_SUSPICIOUS_MOVE = YES;
				CLANG_WARN_UNGUARDED_AVAILABILITY = YES_AGGRESSIVE;
				CLANG_WARN_UNREACHABLE_CODE = YES;
				CLANG_WARN__DUPLICATE_METHOD_MATCH = YES;
				COPY_PHASE_STRIP = NO;
				DEBUG_INFORMATION_FORMAT = dwarf;
				ENABLE_STRICT_OBJC_MSGSEND = YES;
				ENABLE_TESTABILITY = YES;
				GCC_C_LANGUAGE_STANDARD = gnu11;
				GCC_DYNAMIC_NO_PIC = NO;
				GCC_NO_COMMON_BLOCKS = YES;
				GCC_OPTIMIZATION_LEVEL = 0;
				GCC_PREPROCESSOR_DEFINITIONS = (
					"DEBUG=1",
					"$(inherited)",
				);
				GCC_WARN_64_TO_32_BIT_CONVERSION = YES;
				GCC_WARN_ABOUT_RETURN_TYPE = YES_ERROR;
				GCC_WARN_UNDECLARED_SELECTOR = YES;
				GCC_WARN_UNINITIALIZED_AUTOS = YES_AGGRESSIVE;
				GCC_WARN_UNUSED_FUNCTION = YES;
				GCC_WARN_UNUSED_VARIABLE = YES;
				IPHONEOS_DEPLOYMENT_TARGET = 16.2;
				MTL_ENABLE_DEBUG_INFO = INCLUDE_SOURCE;
				MTL_FAST_MATH = YES;
				ONLY_ACTIVE_ARCH = YES;
				SDKROOT = iphoneos;
				SWIFT_ACTIVE_COMPILATION_CONDITIONS = DEBUG;
				SWIFT_OPTIMIZATION_LEVEL = "-Onone";
			};
			name = Debug;
		};
		AB10CFD329E95C22004F810C /* Release */ = {
			isa = XCBuildConfiguration;
			buildSettings = {
				ALWAYS_SEARCH_USER_PATHS = NO;
				CLANG_ANALYZER_NONNULL = YES;
				CLANG_ANALYZER_NUMBER_OBJECT_CONVERSION = YES_AGGRESSIVE;
				CLANG_CXX_LANGUAGE_STANDARD = "gnu++20";
				CLANG_ENABLE_MODULES = YES;
				CLANG_ENABLE_OBJC_ARC = YES;
				CLANG_ENABLE_OBJC_WEAK = YES;
				CLANG_WARN_BLOCK_CAPTURE_AUTORELEASING = YES;
				CLANG_WARN_BOOL_CONVERSION = YES;
				CLANG_WARN_COMMA = YES;
				CLANG_WARN_CONSTANT_CONVERSION = YES;
				CLANG_WARN_DEPRECATED_OBJC_IMPLEMENTATIONS = YES;
				CLANG_WARN_DIRECT_OBJC_ISA_USAGE = YES_ERROR;
				CLANG_WARN_DOCUMENTATION_COMMENTS = YES;
				CLANG_WARN_EMPTY_BODY = YES;
				CLANG_WARN_ENUM_CONVERSION = YES;
				CLANG_WARN_INFINITE_RECURSION = YES;
				CLANG_WARN_INT_CONVERSION = YES;
				CLANG_WARN_NON_LITERAL_NULL_CONVERSION = YES;
				CLANG_WARN_OBJC_IMPLICIT_RETAIN_SELF = YES;
				CLANG_WARN_OBJC_LITERAL_CONVERSION = YES;
				CLANG_WARN_OBJC_ROOT_CLASS = YES_ERROR;
				CLANG_WARN_QUOTED_INCLUDE_IN_FRAMEWORK_HEADER = YES;
				CLANG_WARN_RANGE_LOOP_ANALYSIS = YES;
				CLANG_WARN_STRICT_PROTOTYPES = YES;
				CLANG_WARN_SUSPICIOUS_MOVE = YES;
				CLANG_WARN_UNGUARDED_AVAILABILITY = YES_AGGRESSIVE;
				CLANG_WARN_UNREACHABLE_CODE = YES;
				CLANG_WARN__DUPLICATE_METHOD_MATCH = YES;
				COPY_PHASE_STRIP = NO;
				DEBUG_INFORMATION_FORMAT = "dwarf-with-dsym";
				ENABLE_NS_ASSERTIONS = NO;
				ENABLE_STRICT_OBJC_MSGSEND = YES;
				GCC_C_LANGUAGE_STANDARD = gnu11;
				GCC_NO_COMMON_BLOCKS = YES;
				GCC_WARN_64_TO_32_BIT_CONVERSION = YES;
				GCC_WARN_ABOUT_RETURN_TYPE = YES_ERROR;
				GCC_WARN_UNDECLARED_SELECTOR = YES;
				GCC_WARN_UNINITIALIZED_AUTOS = YES_AGGRESSIVE;
				GCC_WARN_UNUSED_FUNCTION = YES;
				GCC_WARN_UNUSED_VARIABLE = YES;
				IPHONEOS_DEPLOYMENT_TARGET = 16.2;
				MTL_ENABLE_DEBUG_INFO = NO;
				MTL_FAST_MATH = YES;
				SDKROOT = iphoneos;
				SWIFT_COMPILATION_MODE = wholemodule;
				SWIFT_OPTIMIZATION_LEVEL = "-O";
				VALIDATE_PRODUCT = YES;
			};
			name = Release;
		};
		AB10CFD529E95C22004F810C /* Debug */ = {
			isa = XCBuildConfiguration;
			buildSettings = {
				ASSETCATALOG_COMPILER_APPICON_NAME = AppIcon;
				ASSETCATALOG_COMPILER_GLOBAL_ACCENT_COLOR_NAME = AccentColor;
				CODE_SIGN_STYLE = Automatic;
				CURRENT_PROJECT_VERSION = 1;
				GENERATE_INFOPLIST_FILE = YES;
				INFOPLIST_FILE = BookApp/Info.plist;
				INFOPLIST_KEY_UIApplicationSupportsIndirectInputEvents = YES;
				INFOPLIST_KEY_UILaunchStoryboardName = LaunchScreen;
				INFOPLIST_KEY_UIMainStoryboardFile = "";
				INFOPLIST_KEY_UISupportedInterfaceOrientations = UIInterfaceOrientationPortrait;
				INFOPLIST_KEY_UISupportedInterfaceOrientations_iPad = "UIInterfaceOrientationLandscapeLeft UIInterfaceOrientationLandscapeRight UIInterfaceOrientationPortrait UIInterfaceOrientationPortraitUpsideDown";
				IPHONEOS_DEPLOYMENT_TARGET = 13.0;
				LD_RUNPATH_SEARCH_PATHS = (
					"$(inherited)",
					"@executable_path/Frameworks",
				);
				MARKETING_VERSION = 1.0;
				PRODUCT_BUNDLE_IDENTIFIER = "-.BookApp";
				PRODUCT_NAME = "$(TARGET_NAME)";
				SWIFT_EMIT_LOC_STRINGS = YES;
				SWIFT_VERSION = 5.0;
				TARGETED_DEVICE_FAMILY = "1,2";
			};
			name = Debug;
		};
		AB10CFD629E95C22004F810C /* Release */ = {
			isa = XCBuildConfiguration;
			buildSettings = {
				ASSETCATALOG_COMPILER_APPICON_NAME = AppIcon;
				ASSETCATALOG_COMPILER_GLOBAL_ACCENT_COLOR_NAME = AccentColor;
				CODE_SIGN_STYLE = Automatic;
				CURRENT_PROJECT_VERSION = 1;
				GENERATE_INFOPLIST_FILE = YES;
				INFOPLIST_FILE = BookApp/Info.plist;
				INFOPLIST_KEY_UIApplicationSupportsIndirectInputEvents = YES;
				INFOPLIST_KEY_UILaunchStoryboardName = LaunchScreen;
				INFOPLIST_KEY_UIMainStoryboardFile = "";
				INFOPLIST_KEY_UISupportedInterfaceOrientations = UIInterfaceOrientationPortrait;
				INFOPLIST_KEY_UISupportedInterfaceOrientations_iPad = "UIInterfaceOrientationLandscapeLeft UIInterfaceOrientationLandscapeRight UIInterfaceOrientationPortrait UIInterfaceOrientationPortraitUpsideDown";
				IPHONEOS_DEPLOYMENT_TARGET = 13.0;
				LD_RUNPATH_SEARCH_PATHS = (
					"$(inherited)",
					"@executable_path/Frameworks",
				);
				MARKETING_VERSION = 1.0;
				PRODUCT_BUNDLE_IDENTIFIER = "-.BookApp";
				PRODUCT_NAME = "$(TARGET_NAME)";
				SWIFT_EMIT_LOC_STRINGS = YES;
				SWIFT_VERSION = 5.0;
				TARGETED_DEVICE_FAMILY = "1,2";
			};
			name = Release;
		};
/* End XCBuildConfiguration section */

/* Begin XCConfigurationList section */
		AB10CFBB29E95C21004F810C /* Build configuration list for PBXProject "BookApp" */ = {
			isa = XCConfigurationList;
			buildConfigurations = (
				AB10CFD229E95C22004F810C /* Debug */,
				AB10CFD329E95C22004F810C /* Release */,
			);
			defaultConfigurationIsVisible = 0;
			defaultConfigurationName = Release;
		};
		AB10CFD429E95C22004F810C /* Build configuration list for PBXNativeTarget "BookApp" */ = {
			isa = XCConfigurationList;
			buildConfigurations = (
				AB10CFD529E95C22004F810C /* Debug */,
				AB10CFD629E95C22004F810C /* Release */,
			);
			defaultConfigurationIsVisible = 0;
			defaultConfigurationName = Release;
		};
/* End XCConfigurationList section */

/* Begin XCRemoteSwiftPackageReference section */
		AB10D00829E97CB3004F810C /* XCRemoteSwiftPackageReference "SnapKit" */ = {
			isa = XCRemoteSwiftPackageReference;
			repositoryURL = "https://github.com/SnapKit/SnapKit.git";
			requirement = {
				branch = develop;
				kind = branch;
			};
		};
/* End XCRemoteSwiftPackageReference section */

/* Begin XCSwiftPackageProductDependency section */
		AB10D00929E97CB3004F810C /* SnapKit */ = {
			isa = XCSwiftPackageProductDependency;
			package = AB10D00829E97CB3004F810C /* XCRemoteSwiftPackageReference "SnapKit" */;
			productName = SnapKit;
		};
/* End XCSwiftPackageProductDependency section */
	};
	rootObject = AB10CFB829E95C21004F810C /* Project object */;
}
